{
  "requires": true,
  "lockfileVersion": 1,
  "dependencies": {
    "@ionic-native/camera": {
      "version": "5.15.1",
      "resolved": "https://registry.npmjs.org/@ionic-native/camera/-/camera-5.15.1.tgz",
      "integrity": "sha512-5Jx7pw0e2QXqF0mkzjTkv9GB+e0vcs9STogPdLG81lI1ZfkEgFhjQ6hvgzGyuMmOI4VZcEnBqCkK5NET9RmpSQ==",
      "requires": {
        "@types/cordova": "^0.0.34"
      }
    },
    "@types/cordova": {
      "version": "0.0.34",
      "resolved": "https://registry.npmjs.org/@types/cordova/-/cordova-0.0.34.tgz",
      "integrity": "sha1-6nrd907Ow9dimCegw54smt3HPQQ="
    }
  }
}
